
Microsoft Visual Studio Solution File, Format Version 12.00
# Visual Studio Version 17
VisualStudioVersion = 17.14.37314.3 d17.14
MinimumVisualStudioVersion = 10.0.40219.1
Project("{888888A0-9F3D-457C-B088-3A5042F75D52}") = "UPAPI", "UPAPI.pyproj", "{8FE2677C-9C1E-4998-A340-E78DD21E1F28}"
EndProject
Global
	GlobalSection(SolutionConfigurationPlatforms) = preSolution
		Debug|Any CPU = Debug|Any CPU
		Release|Any CPU = Release|Any CPU
	EndGlobalSection
	GlobalSection(ProjectConfigurationPlatforms) = postSolution
		{8FE2677C-9C1E-4998-A340-E78DD21E1F28}.Debug|Any CPU.ActiveCfg = Debug|Any CPU
		{8FE2677C-9C1E-4998-A340-E78DD21E1F28}.Release|Any CPU.ActiveCfg = Release|Any CPU
	EndGlobalSection
	GlobalSection(SolutionProperties) = preSolution
		HideSolutionNode = FALSE
	EndGlobalSection
	GlobalSection(ExtensibilityGlobals) = postSolution
		SolutionGuid = {2C58EB33-9A48-43B0-B805-F747A1AD322F}
	EndGlobalSection
EndGlobal
